
Microsoft Visual Studio Solution File, Format Version 12.00
# Visual Studio Version 17
VisualStudioVersion = 17.6.33712.159
MinimumVisualStudioVersion = 10.0.40219.1
Project("{FAE04EC0-301F-11D3-BF4B-00C04F79EFBC}") = "PIIIProject", "PIIIProject.csproj", "{CAF72315-A257-4647-ADA1-58253703A726}"
EndProject
Global
	GlobalSection(SolutionConfigurationPlatforms) = preSolution
		Debug|Any CPU = Debug|Any CPU
		Release|Any CPU = Release|Any CPU
	EndGlobalSection
	GlobalSection(ProjectConfigurationPlatforms) = postSolution
		{CAF72315-A257-4647-ADA1-58253703A726}.Debug|Any CPU.ActiveCfg = Debug|Any CPU
		{CAF72315-A257-4647-ADA1-58253703A726}.Debug|Any CPU.Build.0 = Debug|Any CPU
		{CAF72315-A257-4647-ADA1-58253703A726}.Release|Any CPU.ActiveCfg = Release|Any CPU
		{CAF72315-A257-4647-ADA1-58253703A726}.Release|Any CPU.Build.0 = Release|Any CPU
	EndGlobalSection
	GlobalSection(SolutionProperties) = preSolution
		HideSolutionNode = FALSE
	EndGlobalSection
	GlobalSection(ExtensibilityGlobals) = postSolution
		SolutionGuid = {0C4B8501-7561-4EC1-900C-448DB77072E8}
	EndGlobalSection
EndGlobal
